
Microsoft Visual Studio Solution File, Format Version 12.00
# Visual Studio Version 16
VisualStudioVersion = 16.0.29009.5
MinimumVisualStudioVersion = 10.0.40219.1
Project("{9092AA53-FB77-4645-B42D-1CCCA6BD08BD}") = "FantasyDataChallenge", "FantasyDataChallenge\FantasyDataChallenge.njsproj", "{DED5173C-26E0-44AC-9C92-62D1B32B3F4C}"
EndProject
Global
	GlobalSection(SolutionConfigurationPlatforms) = preSolution
		Debug|Any CPU = Debug|Any CPU
		Release|Any CPU = Release|Any CPU
	EndGlobalSection
	GlobalSection(ProjectConfigurationPlatforms) = postSolution
		{DED5173C-26E0-44AC-9C92-62D1B32B3F4C}.Debug|Any CPU.ActiveCfg = Debug|Any CPU
		{DED5173C-26E0-44AC-9C92-62D1B32B3F4C}.Debug|Any CPU.Build.0 = Debug|Any CPU
		{DED5173C-26E0-44AC-9C92-62D1B32B3F4C}.Release|Any CPU.ActiveCfg = Release|Any CPU
		{DED5173C-26E0-44AC-9C92-62D1B32B3F4C}.Release|Any CPU.Build.0 = Release|Any CPU
	EndGlobalSection
	GlobalSection(SolutionProperties) = preSolution
		HideSolutionNode = FALSE
	EndGlobalSection
	GlobalSection(ExtensibilityGlobals) = postSolution
		SolutionGuid = {F32F8200-95FF-4CCB-BA36-45830ED639B6}
	EndGlobalSection
EndGlobal
